{
  "name": "ai-agent-workflow-builder-root",
  "version": "1.0.0",
  "lockfileVersion": 3,
  "requires": true,
  "packages": {
    "": {
      "name": "ai-agent-workflow-builder-root",
      "version": "1.0.0",
      "devDependencies": {
        "@nhost/cli": "latest"
      }
    },
    "node_modules/@nhost/cli": {
      "version": "1.50.2",
      "resolved": "https://registry.npmjs.org/@nhost/cli/-/cli-1.50.2.tgz",
      "integrity": "sha512-7J8N8GyR2cgNnU7K0jSqDWzAaV++a+WAjABYZa+Vaf8kN2hPIJfY2kKHcS9SGIvd5wNs7HtG+3TczZbPnVpvQw==",
      "dev": true,
      "license": "MIT",
      "bin": {
        "nhost": "bin/nhost"
      },
      "engines": {
        "node": ">=18"
      },
      "optionalDependencies": {
        "@nhost/cli-darwin-arm64": "1.50.2",
        "@nhost/cli-darwin-x64": "1.50.2",
        "@nhost/cli-linux-arm64": "1.50.2",
        "@nhost/cli-linux-x64": "1.50.2"
      }
    },
    "node_modules/@nhost/cli-darwin-arm64": {
      "version": "1.50.2",
      "resolved": "https://registry.npmjs.org/@nhost/cli-darwin-arm64/-/cli-darwin-arm64-1.50.2.tgz",
      "integrity": "sha512-+37lVvN1++0kmf6zhtzeJXFV163LryD4Ps1NdLKnKy1olctTG489RJ+2CT7Gpozd68NH44/SkksKT6lKmqwFVA==",
      "cpu": [
        "arm64"
      ],
      "dev": true,
      "license": "MIT",
      "optional": true,
      "os": [
        "darwin"
      ]
    },
    "node_modules/@nhost/cli-darwin-x64": {
      "version": "1.50.2",
      "resolved": "https://registry.npmjs.org/@nhost/cli-darwin-x64/-/cli-darwin-x64-1.50.2.tgz",
      "integrity": "sha512-B30DMfWRHw5Oc1PoCQZo48Numy2psMm+etFgO/Aox2Sn0ThcMjpWWL2V1JiKfRR1zpC1SHkGKoXeh3ctKw8yJg==",
      "cpu": [
        "x64"
      ],
      "dev": true,
      "license": "MIT",
      "optional": true,
      "os": [
        "darwin"
      ]
    },
    "node_modules/@nhost/cli-linux-arm64": {
      "version": "1.50.2",
      "resolved": "https://registry.npmjs.org/@nhost/cli-linux-arm64/-/cli-linux-arm64-1.50.2.tgz",
      "integrity": "sha512-C+9heTMNObN8LWa70wfaXHdzcp2/MUHXA4eKdNElqwMLIdmnpNlMRccWqhEQ6Ep9i586CkyC1zKysCvtIoaAQg==",
      "cpu": [
        "arm64"
      ],
      "dev": true,
      "license": "MIT",
      "optional": true,
      "os": [
        "linux"
      ]
    },
    "node_modules/@nhost/cli-linux-x64": {
      "version": "1.50.2",
      "resolved": "https://registry.npmjs.org/@nhost/cli-linux-x64/-/cli-linux-x64-1.50.2.tgz",
      "integrity": "sha512-uc8mmuiQONnmwxlRK5XAFMSVymaEUGxCDXCtXdJ6tco+rlPYNJZSH+0UNRYKLMWR92QDK0MeVJi1VHjRi7bqWg==",
      "cpu": [
        "x64"
      ],
      "dev": true,
      "license": "MIT",
      "optional": true,
      "os": [
        "linux"
      ]
    }
  }
}
